// !$*UTF8*$!
{
	archiveVersion = 1;
	classes = {
	};
	objectVersion = 46;
	objects = {

/* Begin PBXBuildFile section */
		4B55615614FECE4C00F2C23F /* UIKit.framework in Frameworks */ = {isa = PBXBuildFile; fileRef = 4B55615514FECE4C00F2C23F /* UIKit.framework */; };
		4B55615814FECE4C00F2C23F /* Foundation.framework in Frameworks */ = {isa = PBXBuildFile; fileRef = 4B55615714FECE4C00F2C23F /* Foundation.framework */; };
		4B55615A14FECE4C00F2C23F /* CoreGraphics.framework in Frameworks */ = {isa = PBXBuildFile; fileRef = 4B55615914FECE4C00F2C23F /* CoreGraphics.framework */; };
		4B55616014FECE4C00F2C23F /* InfoPlist.strings in Resources */ = {isa = PBXBuildFile; fileRef = 4B55615E14FECE4C00F2C23F /* InfoPlist.strings */; };
		4B55616214FECE4C00F2C23F /* main.m in Sources */ = {isa = PBXBuildFile; fileRef = 4B55616114FECE4C00F2C23F /* main.m */; };
		4B55616614FECE4C00F2C23F /* ZTAppDelegate.m in Sources */ = {isa = PBXBuildFile; fileRef = 4B55616514FECE4C00F2C23F /* ZTAppDelegate.m */; };
		4B55616914FECE4C00F2C23F /* ZTViewController.m in Sources */ = {isa = PBXBuildFile; fileRef = 4B55616814FECE4C00F2C23F /* ZTViewController.m */; };
		4B55616C14FECE4C00F2C23F /* ZTViewController.xib in Resources */ = {isa = PBXBuildFile; fileRef = 4B55616A14FECE4C00F2C23F /* ZTViewController.xib */; };
		4B55617914FECFEA00F2C23F /* CellTemplateLibrary.xib in Resources */ = {isa = PBXBuildFile; fileRef = 4B55617814FECFEA00F2C23F /* CellTemplateLibrary.xib */; };
		4B8AC9B814FF2CCF00DE6EC7 /* ZTTVCTemplateLibrary.m in Sources */ = {isa = PBXBuildFile; fileRef = 4B8AC9B714FF2CCF00DE6EC7 /* ZTTVCTemplateLibrary.m */; };
/* End PBXBuildFile section */

/* Begin PBXFileReference section */
		4B55615114FECE4C00F2C23F /* ZTTVCTemplateLibraryDemo.app */ = {isa = PBXFileReference; explicitFileType = wrapper.application; includeInIndex = 0; path = ZTTVCTemplateLibraryDemo.app; sourceTree = BUILT_PRODUCTS_DIR; };
		4B55615514FECE4C00F2C23F /* UIKit.framework */ = {isa = PBXFileReference; lastKnownFileType = wrapper.framework; name = UIKit.framework; path = System/Library/Frameworks/UIKit.framework; sourceTree = SDKROOT; };
		4B55615714FECE4C00F2C23F /* Foundation.framework */ = {isa = PBXFileReference; lastKnownFileType = wrapper.framework; name = Foundation.framework; path = System/Library/Frameworks/Foundation.framework; sourceTree = SDKROOT; };
		4B55615914FECE4C00F2C23F /* CoreGraphics.framework */ = {isa = PBXFileReference; lastKnownFileType = wrapper.framework; name = CoreGraphics.framework; path = System/Library/Frameworks/CoreGraphics.framework; sourceTree = SDKROOT; };
		4B55615D14FECE4C00F2C23F /* ZTTVCTemplateLibraryDemo-Info.plist */ = {isa = PBXFileReference; lastKnownFileType = text.plist.xml; path = "ZTTVCTemplateLibraryDemo-Info.plist"; sourceTree = "<group>"; };
		4B55615F14FECE4C00F2C23F /* en */ = {isa = PBXFileReference; lastKnownFileType = text.plist.strings; name = en; path = en.lproj/InfoPlist.strings; sourceTree = "<group>"; };
		4B55616114FECE4C00F2C23F /* main.m */ = {isa = PBXFileReference; lastKnownFileType = sourcecode.c.objc; path = main.m; sourceTree = "<group>"; };
		4B55616314FECE4C00F2C23F /* ZTTVCTemplateLibraryDemo-Prefix.pch */ = {isa = PBXFileReference; lastKnownFileType = sourcecode.c.h; path = "ZTTVCTemplateLibraryDemo-Prefix.pch"; sourceTree = "<group>"; };
		4B55616414FECE4C00F2C23F /* ZTAppDelegate.h */ = {isa = PBXFileReference; lastKnownFileType = sourcecode.c.h; path = ZTAppDelegate.h; sourceTree = "<group>"; };
		4B55616514FECE4C00F2C23F /* ZTAppDelegate.m */ = {isa = PBXFileReference; lastKnownFileType = sourcecode.c.objc; path = ZTAppDelegate.m; sourceTree = "<group>"; };
		4B55616714FECE4C00F2C23F /* ZTViewController.h */ = {isa = PBXFileReference; lastKnownFileType = sourcecode.c.h; path = ZTViewController.h; sourceTree = "<group>"; };
		4B55616814FECE4C00F2C23F /* ZTViewController.m */ = {isa = PBXFileReference; lastKnownFileType = sourcecode.c.objc; path = ZTViewController.m; sourceTree = "<group>"; };
		4B55616B14FECE4C00F2C23F /* en */ = {isa = PBXFileReference; lastKnownFileType = file.xib; name = en; path = en.lproj/ZTViewController.xib; sourceTree = "<group>"; };
		4B55617814FECFEA00F2C23F /* CellTemplateLibrary.xib */ = {isa = PBXFileReference; fileEncoding = 4; lastKnownFileType = file.xib; path = CellTemplateLibrary.xib; sourceTree = "<group>"; };
		4B8AC9B614FF2CCF00DE6EC7 /* ZTTVCTemplateLibrary.h */ = {isa = PBXFileReference; fileEncoding = 4; lastKnownFileType = sourcecode.c.h; name = ZTTVCTemplateLibrary.h; path = ../Classes/ZTTVCTemplateLibrary.h; sourceTree = "<group>"; };
		4B8AC9B714FF2CCF00DE6EC7 /* ZTTVCTemplateLibrary.m */ = {isa = PBXFileReference; fileEncoding = 4; lastKnownFileType = sourcecode.c.objc; name = ZTTVCTemplateLibrary.m; path = ../Classes/ZTTVCTemplateLibrary.m; sourceTree = "<group>"; };
/* End PBXFileReference section */

/* Begin PBXFrameworksBuildPhase section */
		4B55614E14FECE4C00F2C23F /* Frameworks */ = {
			isa = PBXFrameworksBuildPhase;
			buildActionMask = 2147483647;
			files = (
				4B55615614FECE4C00F2C23F /* UIKit.framework in Frameworks */,
				4B55615814FECE4C00F2C23F /* Foundation.framework in Frameworks */,
				4B55615A14FECE4C00F2C23F /* CoreGraphics.framework in Frameworks */,
			);
			runOnlyForDeploymentPostprocessing = 0;
		};
/* End PBXFrameworksBuildPhase section */

/* Begin PBXGroup section */
		4B55614614FECE4C00F2C23F = {
			isa = PBXGroup;
			children = (
				4B8AC9B614FF2CCF00DE6EC7 /* ZTTVCTemplateLibrary.h */,
				4B8AC9B714FF2CCF00DE6EC7 /* ZTTVCTemplateLibrary.m */,
				4B55615B14FECE4C00F2C23F /* ZTTVCTemplateLibraryDemo */,
				4B55615414FECE4C00F2C23F /* Frameworks */,
				4B55615214FECE4C00F2C23F /* Products */,
			);
			sourceTree = "<group>";
		};
		4B55615214FECE4C00F2C23F /* Products */ = {
			isa = PBXGroup;
			children = (
				4B55615114FECE4C00F2C23F /* ZTTVCTemplateLibraryDemo.app */,
			);
			name = Products;
			sourceTree = "<group>";
		};
		4B55615414FECE4C00F2C23F /* Frameworks */ = {
			isa = PBXGroup;
			children = (
				4B55615514FECE4C00F2C23F /* UIKit.framework */,
				4B55615714FECE4C00F2C23F /* Foundation.framework */,
				4B55615914FECE4C00F2C23F /* CoreGraphics.framework */,
			);
			name = Frameworks;
			sourceTree = "<group>";
		};
		4B55615B14FECE4C00F2C23F /* ZTTVCTemplateLibraryDemo */ = {
			isa = PBXGroup;
			children = (
				4B55616414FECE4C00F2C23F /* ZTAppDelegate.h */,
				4B55616514FECE4C00F2C23F /* ZTAppDelegate.m */,
				4B55616714FECE4C00F2C23F /* ZTViewController.h */,
				4B55616814FECE4C00F2C23F /* ZTViewController.m */,
				4B55616A14FECE4C00F2C23F /* ZTViewController.xib */,
				4B55617814FECFEA00F2C23F /* CellTemplateLibrary.xib */,
				4B55615C14FECE4C00F2C23F /* Supporting Files */,
			);
			path = ZTTVCTemplateLibraryDemo;
			sourceTree = "<group>";
		};
		4B55615C14FECE4C00F2C23F /* Supporting Files */ = {
			isa = PBXGroup;
			children = (
				4B55615D14FECE4C00F2C23F /* ZTTVCTemplateLibraryDemo-Info.plist */,
				4B55615E14FECE4C00F2C23F /* InfoPlist.strings */,
				4B55616114FECE4C00F2C23F /* main.m */,
				4B55616314FECE4C00F2C23F /* ZTTVCTemplateLibraryDemo-Prefix.pch */,
			);
			name = "Supporting Files";
			sourceTree = "<group>";
		};
/* End PBXGroup section */

/* Begin PBXNativeTarget section */
		4B55615014FECE4C00F2C23F /* ZTTVCTemplateLibraryDemo */ = {
			isa = PBXNativeTarget;
			buildConfigurationList = 4B55617214FECE4C00F2C23F /* Build configuration list for PBXNativeTarget "ZTTVCTemplateLibraryDemo" */;
			buildPhases = (
				4B55614D14FECE4C00F2C23F /* Sources */,
				4B55614E14FECE4C00F2C23F /* Frameworks */,
				4B55614F14FECE4C00F2C23F /* Resources */,
			);
			buildRules = (
			);
			dependencies = (
			);
			name = ZTTVCTemplateLibraryDemo;
			productName = ZTTVCTemplateLibraryDemo;
			productReference = 4B55615114FECE4C00F2C23F /* ZTTVCTemplateLibraryDemo.app */;
			productType = "com.apple.product-type.application";
		};
/* End PBXNativeTarget section */

/* Begin PBXProject section */
		4B55614814FECE4C00F2C23F /* Project object */ = {
			isa = PBXProject;
			attributes = {
				CLASSPREFIX = ZT;
				LastUpgradeCheck = 0430;
				ORGANIZATIONNAME = "Zachry Thayer";
			};
			buildConfigurationList = 4B55614B14FECE4C00F2C23F /* Build configuration list for PBXProject "ZTTVCTemplateLibraryDemo" */;
			compatibilityVersion = "Xcode 3.2";
			developmentRegion = English;
			hasScannedForEncodings = 0;
			knownRegions = (
				en,
			);
			mainGroup = 4B55614614FECE4C00F2C23F;
			productRefGroup = 4B55615214FECE4C00F2C23F /* Products */;
			projectDirPath = "";
			projectRoot = "";
			targets = (
				4B55615014FECE4C00F2C23F /* ZTTVCTemplateLibraryDemo */,
			);
		};
/* End PBXProject section */

/* Begin PBXResourcesBuildPhase section */
		4B55614F14FECE4C00F2C23F /* Resources */ = {
			isa = PBXResourcesBuildPhase;
			buildActionMask = 2147483647;
			files = (
				4B55616014FECE4C00F2C23F /* InfoPlist.strings in Resources */,
				4B55616C14FECE4C00F2C23F /* ZTViewController.xib in Resources */,
				4B55617914FECFEA00F2C23F /* CellTemplateLibrary.xib in Resources */,
			);
			runOnlyForDeploymentPostprocessing = 0;
		};
/* End PBXResourcesBuildPhase section */

/* Begin PBXSourcesBuildPhase section */
		4B55614D14FECE4C00F2C23F /* Sources */ = {
			isa = PBXSourcesBuildPhase;
			buildActionMask = 2147483647;
			files = (
				4B55616214FECE4C00F2C23F /* main.m in Sources */,
				4B55616614FECE4C00F2C23F /* ZTAppDelegate.m in Sources */,
				4B55616914FECE4C00F2C23F /* ZTViewController.m in Sources */,
				4B8AC9B814FF2CCF00DE6EC7 /* ZTTVCTemplateLibrary.m in Sources */,
			);
			runOnlyForDeploymentPostprocessing = 0;
		};
/* End PBXSourcesBuildPhase section */

/* Begin PBXVariantGroup section */
		4B55615E14FECE4C00F2C23F /* InfoPlist.strings */ = {
			isa = PBXVariantGroup;
			children = (
				4B55615F14FECE4C00F2C23F /* en */,
			);
			name = InfoPlist.strings;
			sourceTree = "<group>";
		};
		4B55616A14FECE4C00F2C23F /* ZTViewController.xib */ = {
			isa = PBXVariantGroup;
			children = (
				4B55616B14FECE4C00F2C23F /* en */,
			);
			name = ZTViewController.xib;
			sourceTree = "<group>";
		};
/* End PBXVariantGroup section */

/* Begin XCBuildConfiguration section */
		4B55617014FECE4C00F2C23F /* Debug */ = {
			isa = XCBuildConfiguration;
			buildSettings = {
				ALWAYS_SEARCH_USER_PATHS = NO;
				ARCHS = "$(ARCHS_STANDARD_32_BIT)";
				CLANG_ENABLE_OBJC_ARC = YES;
				"CODE_SIGN_IDENTITY[sdk=iphoneos*]" = "iPhone Developer";
				COPY_PHASE_STRIP = NO;
				GCC_C_LANGUAGE_STANDARD = gnu99;
				GCC_DYNAMIC_NO_PIC = NO;
				GCC_OPTIMIZATION_LEVEL = 0;
				GCC_PREPROCESSOR_DEFINITIONS = (
					"DEBUG=1",
					"$(inherited)",
				);
				GCC_SYMBOLS_PRIVATE_EXTERN = NO;
				GCC_VERSION = com.apple.compilers.llvm.clang.1_0;
				GCC_WARN_ABOUT_RETURN_TYPE = YES;
				GCC_WARN_UNINITIALIZED_AUTOS = YES;
				GCC_WARN_UNUSED_VARIABLE = YES;
				IPHONEOS_DEPLOYMENT_TARGET = 5.0;
				SDKROOT = iphoneos;
				TARGETED_DEVICE_FAMILY = "1,2";
			};
			name = Debug;
		};
		4B55617114FECE4C00F2C23F /* Release */ = {
			isa = XCBuildConfiguration;
			buildSettings = {
				ALWAYS_SEARCH_USER_PATHS = NO;
				ARCHS = "$(ARCHS_STANDARD_32_BIT)";
				CLANG_ENABLE_OBJC_ARC = YES;
				"CODE_SIGN_IDENTITY[sdk=iphoneos*]" = "iPhone Developer";
				COPY_PHASE_STRIP = YES;
				GCC_C_LANGUAGE_STANDARD = gnu99;
				GCC_VERSION = com.apple.compilers.llvm.clang.1_0;
				GCC_WARN_ABOUT_RETURN_TYPE = YES;
				GCC_WARN_UNINITIALIZED_AUTOS = YES;
				GCC_WARN_UNUSED_VARIABLE = YES;
				IPHONEOS_DEPLOYMENT_TARGET = 5.0;
				OTHER_CFLAGS = "-DNS_BLOCK_ASSERTIONS=1";
				SDKROOT = iphoneos;
				TARGETED_DEVICE_FAMILY = "1,2";
				VALIDATE_PRODUCT = YES;
			};
			name = Release;
		};
		4B55617314FECE4C00F2C23F /* Debug */ = {
			isa = XCBuildConfiguration;
			buildSettings = {
				GCC_PRECOMPILE_PREFIX_HEADER = YES;
				GCC_PREFIX_HEADER = "ZTTVCTemplateLibraryDemo/ZTTVCTemplateLibraryDemo-Prefix.pch";
				INFOPLIST_FILE = "ZTTVCTemplateLibraryDemo/ZTTVCTemplateLibraryDemo-Info.plist";
				PRODUCT_NAME = "$(TARGET_NAME)";
				WRAPPER_EXTENSION = app;
			};
			name = Debug;
		};
		4B55617414FECE4C00F2C23F /* Release */ = {
			isa = XCBuildConfiguration;
			buildSettings = {
				GCC_PRECOMPILE_PREFIX_HEADER = YES;
				GCC_PREFIX_HEADER = "ZTTVCTemplateLibraryDemo/ZTTVCTemplateLibraryDemo-Prefix.pch";
				INFOPLIST_FILE = "ZTTVCTemplateLibraryDemo/ZTTVCTemplateLibraryDemo-Info.plist";
				PRODUCT_NAME = "$(TARGET_NAME)";
				WRAPPER_EXTENSION = app;
			};
			name = Release;
		};
/* End XCBuildConfiguration section */

/* Begin XCConfigurationList section */
		4B55614B14FECE4C00F2C23F /* Build configuration list for PBXProject "ZTTVCTemplateLibraryDemo" */ = {
			isa = XCConfigurationList;
			buildConfigurations = (
				4B55617014FECE4C00F2C23F /* Debug */,
				4B55617114FECE4C00F2C23F /* Release */,
			);
			defaultConfigurationIsVisible = 0;
			defaultConfigurationName = Release;
		};
		4B55617214FECE4C00F2C23F /* Build configuration list for PBXNativeTarget "ZTTVCTemplateLibraryDemo" */ = {
			isa = XCConfigurationList;
			buildConfigurations = (
				4B55617314FECE4C00F2C23F /* Debug */,
				4B55617414FECE4C00F2C23F /* Release */,
			);
			defaultConfigurationIsVisible = 0;
			defaultConfigurationName = Release;
		};
/* End XCConfigurationList section */
	};
	rootObject = 4B55614814FECE4C00F2C23F /* Project object */;
}
