// !$*UTF8*$!
{
	archiveVersion = 1;
	classes = {
	};
	objectVersion = 46;
	objects = {

/* Begin PBXBuildFile section */
		4B2B66ED14FC4C3F00B2740F /* UIView+ZTools.m in Sources */ = {isa = PBXBuildFile; fileRef = 4B2B66EC14FC4C3F00B2740F /* UIView+ZTools.m */; };
		4B4A274814FC17400068B655 /* UIImage+Effects.m in Sources */ = {isa = PBXBuildFile; fileRef = 4B4A274714FC17400068B655 /* UIImage+Effects.m */; };
		4B636E1F14FD916100669377 /* ZTRadialToolToolBar.m in Sources */ = {isa = PBXBuildFile; fileRef = 4B636E1E14FD916100669377 /* ZTRadialToolToolBar.m */; };
		4B636E2314FD956800669377 /* UINavigationBar+ZTRadialTool.m in Sources */ = {isa = PBXBuildFile; fileRef = 4B636E2214FD956800669377 /* UINavigationBar+ZTRadialTool.m */; };
		4B858D5E14EE3A0A009D58BA /* UIColor+Additions.m in Sources */ = {isa = PBXBuildFile; fileRef = 4B858D5D14EE3A0A009D58BA /* UIColor+Additions.m */; };
		4B8C3C7614EE28740072E42C /* UIKit.framework in Frameworks */ = {isa = PBXBuildFile; fileRef = 4B8C3C7514EE28740072E42C /* UIKit.framework */; };
		4B8C3C7814EE28740072E42C /* Foundation.framework in Frameworks */ = {isa = PBXBuildFile; fileRef = 4B8C3C7714EE28740072E42C /* Foundation.framework */; };
		4B8C3C7A14EE28740072E42C /* CoreGraphics.framework in Frameworks */ = {isa = PBXBuildFile; fileRef = 4B8C3C7914EE28740072E42C /* CoreGraphics.framework */; };
		4B8C3C8014EE28740072E42C /* InfoPlist.strings in Resources */ = {isa = PBXBuildFile; fileRef = 4B8C3C7E14EE28740072E42C /* InfoPlist.strings */; };
		4B8C3C8214EE28740072E42C /* main.m in Sources */ = {isa = PBXBuildFile; fileRef = 4B8C3C8114EE28740072E42C /* main.m */; };
		4B8C3C8614EE28740072E42C /* ZTAppDelegate.m in Sources */ = {isa = PBXBuildFile; fileRef = 4B8C3C8514EE28740072E42C /* ZTAppDelegate.m */; };
		4B8C3C8914EE28740072E42C /* ZTViewController.m in Sources */ = {isa = PBXBuildFile; fileRef = 4B8C3C8814EE28740072E42C /* ZTViewController.m */; };
		4B8C3C8C14EE28740072E42C /* ZTViewController_iPhone.xib in Resources */ = {isa = PBXBuildFile; fileRef = 4B8C3C8A14EE28740072E42C /* ZTViewController_iPhone.xib */; };
		4B8C3C8F14EE28740072E42C /* ZTViewController_iPad.xib in Resources */ = {isa = PBXBuildFile; fileRef = 4B8C3C8D14EE28740072E42C /* ZTViewController_iPad.xib */; };
		4B8C3C9714EE28B90072E42C /* ZTRadialTool.m in Sources */ = {isa = PBXBuildFile; fileRef = 4B8C3C9614EE28B90072E42C /* ZTRadialTool.m */; };
		4B8C3C9914EE2A490072E42C /* QuartzCore.framework in Frameworks */ = {isa = PBXBuildFile; fileRef = 4B8C3C9814EE2A490072E42C /* QuartzCore.framework */; };
/* End PBXBuildFile section */

/* Begin PBXFileReference section */
		4B2B66EB14FC4C3F00B2740F /* UIView+ZTools.h */ = {isa = PBXFileReference; fileEncoding = 4; lastKnownFileType = sourcecode.c.h; path = "UIView+ZTools.h"; sourceTree = "<group>"; };
		4B2B66EC14FC4C3F00B2740F /* UIView+ZTools.m */ = {isa = PBXFileReference; fileEncoding = 4; lastKnownFileType = sourcecode.c.objc; path = "UIView+ZTools.m"; sourceTree = "<group>"; };
		4B4A274614FC17400068B655 /* UIImage+Effects.h */ = {isa = PBXFileReference; fileEncoding = 4; lastKnownFileType = sourcecode.c.h; path = "UIImage+Effects.h"; sourceTree = "<group>"; };
		4B4A274714FC17400068B655 /* UIImage+Effects.m */ = {isa = PBXFileReference; fileEncoding = 4; lastKnownFileType = sourcecode.c.objc; path = "UIImage+Effects.m"; sourceTree = "<group>"; };
		4B636E1D14FD916100669377 /* ZTRadialToolToolBar.h */ = {isa = PBXFileReference; fileEncoding = 4; lastKnownFileType = sourcecode.c.h; name = ZTRadialToolToolBar.h; path = ZTRadialToolTest/ZTRadialToolToolBar.h; sourceTree = "<group>"; };
		4B636E1E14FD916100669377 /* ZTRadialToolToolBar.m */ = {isa = PBXFileReference; fileEncoding = 4; lastKnownFileType = sourcecode.c.objc; name = ZTRadialToolToolBar.m; path = ZTRadialToolTest/ZTRadialToolToolBar.m; sourceTree = "<group>"; };
		4B636E2114FD956800669377 /* UINavigationBar+ZTRadialTool.h */ = {isa = PBXFileReference; fileEncoding = 4; lastKnownFileType = sourcecode.c.h; path = "UINavigationBar+ZTRadialTool.h"; sourceTree = "<group>"; };
		4B636E2214FD956800669377 /* UINavigationBar+ZTRadialTool.m */ = {isa = PBXFileReference; fileEncoding = 4; lastKnownFileType = sourcecode.c.objc; path = "UINavigationBar+ZTRadialTool.m"; sourceTree = "<group>"; };
		4B858D5C14EE3A0A009D58BA /* UIColor+Additions.h */ = {isa = PBXFileReference; fileEncoding = 4; lastKnownFileType = sourcecode.c.h; path = "UIColor+Additions.h"; sourceTree = "<group>"; };
		4B858D5D14EE3A0A009D58BA /* UIColor+Additions.m */ = {isa = PBXFileReference; fileEncoding = 4; lastKnownFileType = sourcecode.c.objc; path = "UIColor+Additions.m"; sourceTree = "<group>"; };
		4B8C3C7114EE28740072E42C /* ZTRadialToolTest.app */ = {isa = PBXFileReference; explicitFileType = wrapper.application; includeInIndex = 0; path = ZTRadialToolTest.app; sourceTree = BUILT_PRODUCTS_DIR; };
		4B8C3C7514EE28740072E42C /* UIKit.framework */ = {isa = PBXFileReference; lastKnownFileType = wrapper.framework; name = UIKit.framework; path = System/Library/Frameworks/UIKit.framework; sourceTree = SDKROOT; };
		4B8C3C7714EE28740072E42C /* Foundation.framework */ = {isa = PBXFileReference; lastKnownFileType = wrapper.framework; name = Foundation.framework; path = System/Library/Frameworks/Foundation.framework; sourceTree = SDKROOT; };
		4B8C3C7914EE28740072E42C /* CoreGraphics.framework */ = {isa = PBXFileReference; lastKnownFileType = wrapper.framework; name = CoreGraphics.framework; path = System/Library/Frameworks/CoreGraphics.framework; sourceTree = SDKROOT; };
		4B8C3C7D14EE28740072E42C /* ZTRadialToolTest-Info.plist */ = {isa = PBXFileReference; lastKnownFileType = text.plist.xml; path = "ZTRadialToolTest-Info.plist"; sourceTree = "<group>"; };
		4B8C3C7F14EE28740072E42C /* en */ = {isa = PBXFileReference; lastKnownFileType = text.plist.strings; name = en; path = en.lproj/InfoPlist.strings; sourceTree = "<group>"; };
		4B8C3C8114EE28740072E42C /* main.m */ = {isa = PBXFileReference; lastKnownFileType = sourcecode.c.objc; path = main.m; sourceTree = "<group>"; };
		4B8C3C8314EE28740072E42C /* ZTRadialToolTest-Prefix.pch */ = {isa = PBXFileReference; lastKnownFileType = sourcecode.c.h; path = "ZTRadialToolTest-Prefix.pch"; sourceTree = "<group>"; };
		4B8C3C8414EE28740072E42C /* ZTAppDelegate.h */ = {isa = PBXFileReference; lastKnownFileType = sourcecode.c.h; path = ZTAppDelegate.h; sourceTree = "<group>"; };
		4B8C3C8514EE28740072E42C /* ZTAppDelegate.m */ = {isa = PBXFileReference; lastKnownFileType = sourcecode.c.objc; path = ZTAppDelegate.m; sourceTree = "<group>"; };
		4B8C3C8714EE28740072E42C /* ZTViewController.h */ = {isa = PBXFileReference; lastKnownFileType = sourcecode.c.h; path = ZTViewController.h; sourceTree = "<group>"; };
		4B8C3C8814EE28740072E42C /* ZTViewController.m */ = {isa = PBXFileReference; lastKnownFileType = sourcecode.c.objc; path = ZTViewController.m; sourceTree = "<group>"; };
		4B8C3C8B14EE28740072E42C /* en */ = {isa = PBXFileReference; lastKnownFileType = file.xib; name = en; path = en.lproj/ZTViewController_iPhone.xib; sourceTree = "<group>"; };
		4B8C3C8E14EE28740072E42C /* en */ = {isa = PBXFileReference; lastKnownFileType = file.xib; name = en; path = en.lproj/ZTViewController_iPad.xib; sourceTree = "<group>"; };
		4B8C3C9514EE28B90072E42C /* ZTRadialTool.h */ = {isa = PBXFileReference; fileEncoding = 4; lastKnownFileType = sourcecode.c.h; path = ZTRadialTool.h; sourceTree = "<group>"; };
		4B8C3C9614EE28B90072E42C /* ZTRadialTool.m */ = {isa = PBXFileReference; fileEncoding = 4; lastKnownFileType = sourcecode.c.objc; path = ZTRadialTool.m; sourceTree = "<group>"; };
		4B8C3C9814EE2A490072E42C /* QuartzCore.framework */ = {isa = PBXFileReference; lastKnownFileType = wrapper.framework; name = QuartzCore.framework; path = System/Library/Frameworks/QuartzCore.framework; sourceTree = SDKROOT; };
/* End PBXFileReference section */

/* Begin PBXFrameworksBuildPhase section */
		4B8C3C6E14EE28740072E42C /* Frameworks */ = {
			isa = PBXFrameworksBuildPhase;
			buildActionMask = 2147483647;
			files = (
				4B8C3C9914EE2A490072E42C /* QuartzCore.framework in Frameworks */,
				4B8C3C7614EE28740072E42C /* UIKit.framework in Frameworks */,
				4B8C3C7814EE28740072E42C /* Foundation.framework in Frameworks */,
				4B8C3C7A14EE28740072E42C /* CoreGraphics.framework in Frameworks */,
			);
			runOnlyForDeploymentPostprocessing = 0;
		};
/* End PBXFrameworksBuildPhase section */

/* Begin PBXGroup section */
		4B858D4E14EE2F23009D58BA /* Extensions */ = {
			isa = PBXGroup;
			children = (
				4B2B66EB14FC4C3F00B2740F /* UIView+ZTools.h */,
				4B2B66EC14FC4C3F00B2740F /* UIView+ZTools.m */,
				4B858D5C14EE3A0A009D58BA /* UIColor+Additions.h */,
				4B858D5D14EE3A0A009D58BA /* UIColor+Additions.m */,
				4B4A274614FC17400068B655 /* UIImage+Effects.h */,
				4B4A274714FC17400068B655 /* UIImage+Effects.m */,
			);
			name = Extensions;
			sourceTree = "<group>";
		};
		4B8C3C6614EE28740072E42C = {
			isa = PBXGroup;
			children = (
				4B636E2114FD956800669377 /* UINavigationBar+ZTRadialTool.h */,
				4B636E2214FD956800669377 /* UINavigationBar+ZTRadialTool.m */,
				4B858D4E14EE2F23009D58BA /* Extensions */,
				4B8C3C9514EE28B90072E42C /* ZTRadialTool.h */,
				4B8C3C9614EE28B90072E42C /* ZTRadialTool.m */,
				4B636E1D14FD916100669377 /* ZTRadialToolToolBar.h */,
				4B636E1E14FD916100669377 /* ZTRadialToolToolBar.m */,
				4B8C3C7B14EE28740072E42C /* ZTRadialToolTest */,
				4B8C3C7414EE28740072E42C /* Frameworks */,
				4B8C3C7214EE28740072E42C /* Products */,
			);
			sourceTree = "<group>";
		};
		4B8C3C7214EE28740072E42C /* Products */ = {
			isa = PBXGroup;
			children = (
				4B8C3C7114EE28740072E42C /* ZTRadialToolTest.app */,
			);
			name = Products;
			sourceTree = "<group>";
		};
		4B8C3C7414EE28740072E42C /* Frameworks */ = {
			isa = PBXGroup;
			children = (
				4B8C3C9814EE2A490072E42C /* QuartzCore.framework */,
				4B8C3C7514EE28740072E42C /* UIKit.framework */,
				4B8C3C7714EE28740072E42C /* Foundation.framework */,
				4B8C3C7914EE28740072E42C /* CoreGraphics.framework */,
			);
			name = Frameworks;
			sourceTree = "<group>";
		};
		4B8C3C7B14EE28740072E42C /* ZTRadialToolTest */ = {
			isa = PBXGroup;
			children = (
				4B8C3C8414EE28740072E42C /* ZTAppDelegate.h */,
				4B8C3C8514EE28740072E42C /* ZTAppDelegate.m */,
				4B8C3C8714EE28740072E42C /* ZTViewController.h */,
				4B8C3C8814EE28740072E42C /* ZTViewController.m */,
				4B8C3C8A14EE28740072E42C /* ZTViewController_iPhone.xib */,
				4B8C3C8D14EE28740072E42C /* ZTViewController_iPad.xib */,
				4B8C3C7C14EE28740072E42C /* Supporting Files */,
			);
			path = ZTRadialToolTest;
			sourceTree = "<group>";
		};
		4B8C3C7C14EE28740072E42C /* Supporting Files */ = {
			isa = PBXGroup;
			children = (
				4B8C3C7D14EE28740072E42C /* ZTRadialToolTest-Info.plist */,
				4B8C3C7E14EE28740072E42C /* InfoPlist.strings */,
				4B8C3C8114EE28740072E42C /* main.m */,
				4B8C3C8314EE28740072E42C /* ZTRadialToolTest-Prefix.pch */,
			);
			name = "Supporting Files";
			sourceTree = "<group>";
		};
/* End PBXGroup section */

/* Begin PBXNativeTarget section */
		4B8C3C7014EE28740072E42C /* ZTRadialToolTest */ = {
			isa = PBXNativeTarget;
			buildConfigurationList = 4B8C3C9214EE28740072E42C /* Build configuration list for PBXNativeTarget "ZTRadialToolTest" */;
			buildPhases = (
				4B8C3C6D14EE28740072E42C /* Sources */,
				4B8C3C6E14EE28740072E42C /* Frameworks */,
				4B8C3C6F14EE28740072E42C /* Resources */,
			);
			buildRules = (
			);
			dependencies = (
			);
			name = ZTRadialToolTest;
			productName = ZTRadialToolTest;
			productReference = 4B8C3C7114EE28740072E42C /* ZTRadialToolTest.app */;
			productType = "com.apple.product-type.application";
		};
/* End PBXNativeTarget section */

/* Begin PBXProject section */
		4B8C3C6814EE28740072E42C /* Project object */ = {
			isa = PBXProject;
			attributes = {
				LastUpgradeCheck = 0420;
				ORGANIZATIONNAME = "Zachry Thayer";
			};
			buildConfigurationList = 4B8C3C6B14EE28740072E42C /* Build configuration list for PBXProject "ZTRadialToolTest" */;
			compatibilityVersion = "Xcode 3.2";
			developmentRegion = English;
			hasScannedForEncodings = 0;
			knownRegions = (
				en,
			);
			mainGroup = 4B8C3C6614EE28740072E42C;
			productRefGroup = 4B8C3C7214EE28740072E42C /* Products */;
			projectDirPath = "";
			projectRoot = "";
			targets = (
				4B8C3C7014EE28740072E42C /* ZTRadialToolTest */,
			);
		};
/* End PBXProject section */

/* Begin PBXResourcesBuildPhase section */
		4B8C3C6F14EE28740072E42C /* Resources */ = {
			isa = PBXResourcesBuildPhase;
			buildActionMask = 2147483647;
			files = (
				4B8C3C8014EE28740072E42C /* InfoPlist.strings in Resources */,
				4B8C3C8C14EE28740072E42C /* ZTViewController_iPhone.xib in Resources */,
				4B8C3C8F14EE28740072E42C /* ZTViewController_iPad.xib in Resources */,
			);
			runOnlyForDeploymentPostprocessing = 0;
		};
/* End PBXResourcesBuildPhase section */

/* Begin PBXSourcesBuildPhase section */
		4B8C3C6D14EE28740072E42C /* Sources */ = {
			isa = PBXSourcesBuildPhase;
			buildActionMask = 2147483647;
			files = (
				4B8C3C8214EE28740072E42C /* main.m in Sources */,
				4B8C3C8614EE28740072E42C /* ZTAppDelegate.m in Sources */,
				4B8C3C8914EE28740072E42C /* ZTViewController.m in Sources */,
				4B8C3C9714EE28B90072E42C /* ZTRadialTool.m in Sources */,
				4B858D5E14EE3A0A009D58BA /* UIColor+Additions.m in Sources */,
				4B2B66ED14FC4C3F00B2740F /* UIView+ZTools.m in Sources */,
				4B4A274814FC17400068B655 /* UIImage+Effects.m in Sources */,
				4B636E1F14FD916100669377 /* ZTRadialToolToolBar.m in Sources */,
				4B636E2314FD956800669377 /* UINavigationBar+ZTRadialTool.m in Sources */,
			);
			runOnlyForDeploymentPostprocessing = 0;
		};
/* End PBXSourcesBuildPhase section */

/* Begin PBXVariantGroup section */
		4B8C3C7E14EE28740072E42C /* InfoPlist.strings */ = {
			isa = PBXVariantGroup;
			children = (
				4B8C3C7F14EE28740072E42C /* en */,
			);
			name = InfoPlist.strings;
			sourceTree = "<group>";
		};
		4B8C3C8A14EE28740072E42C /* ZTViewController_iPhone.xib */ = {
			isa = PBXVariantGroup;
			children = (
				4B8C3C8B14EE28740072E42C /* en */,
			);
			name = ZTViewController_iPhone.xib;
			sourceTree = "<group>";
		};
		4B8C3C8D14EE28740072E42C /* ZTViewController_iPad.xib */ = {
			isa = PBXVariantGroup;
			children = (
				4B8C3C8E14EE28740072E42C /* en */,
			);
			name = ZTViewController_iPad.xib;
			sourceTree = "<group>";
		};
/* End PBXVariantGroup section */

/* Begin XCBuildConfiguration section */
		4B8C3C9014EE28740072E42C /* Debug */ = {
			isa = XCBuildConfiguration;
			buildSettings = {
				ALWAYS_SEARCH_USER_PATHS = NO;
				ARCHS = "$(ARCHS_STANDARD_32_BIT)";
				CLANG_ENABLE_OBJC_ARC = YES;
				"CODE_SIGN_IDENTITY[sdk=iphoneos*]" = "iPhone Developer";
				COPY_PHASE_STRIP = NO;
				GCC_C_LANGUAGE_STANDARD = gnu99;
				GCC_DYNAMIC_NO_PIC = NO;
				GCC_OPTIMIZATION_LEVEL = 0;
				GCC_PREPROCESSOR_DEFINITIONS = (
					"DEBUG=1",
					"$(inherited)",
				);
				GCC_SYMBOLS_PRIVATE_EXTERN = NO;
				GCC_VERSION = com.apple.compilers.llvm.clang.1_0;
				GCC_WARN_ABOUT_MISSING_PROTOTYPES = YES;
				GCC_WARN_ABOUT_RETURN_TYPE = YES;
				GCC_WARN_UNUSED_VARIABLE = YES;
				IPHONEOS_DEPLOYMENT_TARGET = 5.0;
				SDKROOT = iphoneos;
				TARGETED_DEVICE_FAMILY = "1,2";
			};
			name = Debug;
		};
		4B8C3C9114EE28740072E42C /* Release */ = {
			isa = XCBuildConfiguration;
			buildSettings = {
				ALWAYS_SEARCH_USER_PATHS = NO;
				ARCHS = "$(ARCHS_STANDARD_32_BIT)";
				CLANG_ENABLE_OBJC_ARC = YES;
				"CODE_SIGN_IDENTITY[sdk=iphoneos*]" = "iPhone Developer";
				COPY_PHASE_STRIP = YES;
				GCC_C_LANGUAGE_STANDARD = gnu99;
				GCC_VERSION = com.apple.compilers.llvm.clang.1_0;
				GCC_WARN_ABOUT_MISSING_PROTOTYPES = YES;
				GCC_WARN_ABOUT_RETURN_TYPE = YES;
				GCC_WARN_UNUSED_VARIABLE = YES;
				IPHONEOS_DEPLOYMENT_TARGET = 5.0;
				OTHER_CFLAGS = "-DNS_BLOCK_ASSERTIONS=1";
				SDKROOT = iphoneos;
				TARGETED_DEVICE_FAMILY = "1,2";
				VALIDATE_PRODUCT = YES;
			};
			name = Release;
		};
		4B8C3C9314EE28740072E42C /* Debug */ = {
			isa = XCBuildConfiguration;
			buildSettings = {
				GCC_PRECOMPILE_PREFIX_HEADER = YES;
				GCC_PREFIX_HEADER = "ZTRadialToolTest/ZTRadialToolTest-Prefix.pch";
				INFOPLIST_FILE = "ZTRadialToolTest/ZTRadialToolTest-Info.plist";
				PRODUCT_NAME = "$(TARGET_NAME)";
				WRAPPER_EXTENSION = app;
			};
			name = Debug;
		};
		4B8C3C9414EE28740072E42C /* Release */ = {
			isa = XCBuildConfiguration;
			buildSettings = {
				GCC_PRECOMPILE_PREFIX_HEADER = YES;
				GCC_PREFIX_HEADER = "ZTRadialToolTest/ZTRadialToolTest-Prefix.pch";
				INFOPLIST_FILE = "ZTRadialToolTest/ZTRadialToolTest-Info.plist";
				PRODUCT_NAME = "$(TARGET_NAME)";
				WRAPPER_EXTENSION = app;
			};
			name = Release;
		};
/* End XCBuildConfiguration section */

/* Begin XCConfigurationList section */
		4B8C3C6B14EE28740072E42C /* Build configuration list for PBXProject "ZTRadialToolTest" */ = {
			isa = XCConfigurationList;
			buildConfigurations = (
				4B8C3C9014EE28740072E42C /* Debug */,
				4B8C3C9114EE28740072E42C /* Release */,
			);
			defaultConfigurationIsVisible = 0;
			defaultConfigurationName = Release;
		};
		4B8C3C9214EE28740072E42C /* Build configuration list for PBXNativeTarget "ZTRadialToolTest" */ = {
			isa = XCConfigurationList;
			buildConfigurations = (
				4B8C3C9314EE28740072E42C /* Debug */,
				4B8C3C9414EE28740072E42C /* Release */,
			);
			defaultConfigurationIsVisible = 0;
			defaultConfigurationName = Release;
		};
/* End XCConfigurationList section */
	};
	rootObject = 4B8C3C6814EE28740072E42C /* Project object */;
}
